# THIS IS AN AUTOGENERATED FILE. DO NOT EDIT THIS FILE DIRECTLY.
# yarn lockfile v1


"@types/estree@0.0.39":
  version "0.0.39"
  resolved "https://registry.yarnpkg.com/@types/estree/-/estree-0.0.39.tgz#e177e699ee1b8c22d23174caaa7422644389509f"
  integrity sha512-EYNwp3bU+98cpU4lAWYYL7Zz+2gryWH1qbdDTidVd6hkiR6weksdbMadyXKXNPEkQFhXM+hVO9ZygomHXp+AIw==

"@types/node@^12.0.3":
  version "12.0.4"
  resolved "https://registry.yarnpkg.com/@types/node/-/node-12.0.4.tgz#46832183115c904410c275e34cf9403992999c32"
  integrity sha512-j8YL2C0fXq7IONwl/Ud5Kt0PeXw22zGERt+HSSnwbKOJVsAGkEz3sFCYwaF9IOuoG1HOtE0vKCj6sXF7Q0+Vaw==

acorn@^6.1.1:
  version "6.1.1"
  resolved "https://registry.yarnpkg.com/acorn/-/acorn-6.1.1.tgz#7d25ae05bb8ad1f9b699108e1094ecd7884adc1f"
  integrity sha512-jPTiwtOxaHNaAPg/dmrJ/beuzLRnXtB0kQPQ8JpotKJgTB6rX6c8mlf315941pyjBSaPg8NHXS9fhP4u17DpGA==

rollup@^1.12.5:
  version "1.12.5"
  resolved "https://registry.yarnpkg.com/rollup/-/rollup-1.12.5.tgz#11840535a2bc3591e95583c111d55fdf795e55c8"
  integrity sha512-XF5YdpeKX4ueGpBCW07AxPJJHu7SHaobYzu2lZnMPX908Ely2LZF0a0EQPgb+iVy5kP4cb4QT3nXIAnyAxpL3A==
  dependencies:
    "@types/estree" "0.0.39"
    "@types/node" "^12.0.3"
    acorn "^6.1.1"

typescript@^3.5.1:
  version "3.5.1"
  resolved "https://registry.yarnpkg.com/typescript/-/typescript-3.5.1.tgz#ba72a6a600b2158139c5dd8850f700e231464202"
  integrity sha512-64HkdiRv1yYZsSe4xC1WVgamNigVYjlssIoaH2HcZF0+ijsk5YK2g0G34w9wJkze8+5ow4STd22AynfO6ZYYLw==

uglifyjs@^2.4.11:
  version "2.4.11"
  resolved "https://registry.yarnpkg.com/uglifyjs/-/uglifyjs-2.4.11.tgz#3440d64e045759589524418eb641c68bb90d113e"
  integrity sha1-NEDWTgRXWViVJEGOtkHGi7kNET4=
