# THIS IS AN AUTOGENERATED FILE. DO NOT EDIT THIS FILE DIRECTLY.
# yarn lockfile v1


"@types/estree@0.0.39":
  version "0.0.39"
  resolved "https://registry.yarnpkg.com/@types/estree/-/estree-0.0.39.tgz#e177e699ee1b8c22d23174caaa7422644389509f"
  integrity sha512-EYNwp3bU+98cpU4lAWYYL7Zz+2gryWH1qbdDTidVd6hkiR6weksdbMadyXKXNPEkQFhXM+hVO9ZygomHXp+AIw==

"@types/node@^12.6.2":
  version "12.6.3"
  resolved "https://registry.yarnpkg.com/@types/node/-/node-12.6.3.tgz#44d507c5634f85e7164707ca36bba21b5213d487"
  integrity sha512-7TEYTQT1/6PP53NftXXabIZDaZfaoBdeBm8Md/i7zsWRoBe0YwOXguyK8vhHs8ehgB/w9U4K/6EWuTyp0W6nIA==

acorn@^6.2.0:
  version "6.2.0"
  resolved "https://registry.yarnpkg.com/acorn/-/acorn-6.2.0.tgz#67f0da2fc339d6cfb5d6fb244fd449f33cd8bbe3"
  integrity sha512-8oe72N3WPMjA+2zVG71Ia0nXZ8DpQH+QyyHO+p06jT8eg8FGG3FbcUIi8KziHlAfheJQZeoqbvq1mQSQHXKYLw==

rollup@^1.17.0:
  version "1.17.0"
  resolved "https://registry.yarnpkg.com/rollup/-/rollup-1.17.0.tgz#47ee8b04514544fc93b39bae06271244c8db7dfa"
  integrity sha512-k/j1m0NIsI4SYgCJR4MWPstGJOWfJyd6gycKoMhyoKPVXxm+L49XtbUwZyFsrSU2YXsOkM4u1ll9CS/ZgJBUpw==
  dependencies:
    "@types/estree" "0.0.39"
    "@types/node" "^12.6.2"
    acorn "^6.2.0"

typescript@^3.5.2:
  version "3.5.2"
  resolved "https://registry.yarnpkg.com/typescript/-/typescript-3.5.2.tgz#a09e1dc69bc9551cadf17dba10ee42cf55e5d56c"
  integrity sha512-7KxJovlYhTX5RaRbUdkAXN1KUZ8PwWlTzQdHV6xNqvuFOs7+WBo10TQUqT19Q/Jz2hk5v9TQDIhyLhhJY4p5AA==

uglifyjs@^2.4.11:
  version "2.4.11"
  resolved "https://registry.yarnpkg.com/uglifyjs/-/uglifyjs-2.4.11.tgz#3440d64e045759589524418eb641c68bb90d113e"
  integrity sha1-NEDWTgRXWViVJEGOtkHGi7kNET4=
