# THIS IS AN AUTOGENERATED FILE. DO NOT EDIT THIS FILE DIRECTLY.
# yarn lockfile v1


fsevents@~2.1.2:
  version "2.1.2"
  resolved "https://registry.yarnpkg.com/fsevents/-/fsevents-2.1.2.tgz#4c0a1fb34bc68e543b4b82a9ec392bfbda840805"
  integrity sha512-R4wDiBwZ0KzpgOWetKDug1FZcYhqYnUYKtfZYt4mD5SBz76q0KR4Q9o7GIPamsVPGmW3EYPPJ0dOOjvx32ldZA==

rollup@^2.0.6:
  version "2.0.6"
  resolved "https://registry.yarnpkg.com/rollup/-/rollup-2.0.6.tgz#865d6bb15a28cff3429ea1dc57236013661cb9de"
  integrity sha512-P42IlI6a/bxh52ed8hEXXe44LcHfep2f26OZybMJPN1TTQftibvQEl3CWeOmJrzqGbFxOA000QXDWO9WJaOQpA==
  optionalDependencies:
    fsevents "~2.1.2"

typescript@^3.5.2:
  version "3.5.2"
  resolved "https://registry.yarnpkg.com/typescript/-/typescript-3.5.2.tgz#a09e1dc69bc9551cadf17dba10ee42cf55e5d56c"
  integrity sha512-7KxJovlYhTX5RaRbUdkAXN1KUZ8PwWlTzQdHV6xNqvuFOs7+WBo10TQUqT19Q/Jz2hk5v9TQDIhyLhhJY4p5AA==

uglifyjs@^2.4.11:
  version "2.4.11"
  resolved "https://registry.yarnpkg.com/uglifyjs/-/uglifyjs-2.4.11.tgz#3440d64e045759589524418eb641c68bb90d113e"
  integrity sha1-NEDWTgRXWViVJEGOtkHGi7kNET4=
